
Microsoft Visual Studio Solution File, Format Version 12.00
# Visual Studio Version 17
VisualStudioVersion = 17.14.36518.9 d17.14
MinimumVisualStudioVersion = 10.0.40219.1
Project("{FAE04EC0-301F-11D3-BF4B-00C04F79EFBC}") = "ClothsStoreSys", "ClothsStoreSys\ClothsStoreSys.csproj", "{15B3A8B3-3E6A-4991-934B-C787CE0959B1}"
EndProject
Global
	GlobalSection(SolutionConfigurationPlatforms) = preSolution
		Debug|Any CPU = Debug|Any CPU
		Release|Any CPU = Release|Any CPU
	EndGlobalSection
	GlobalSection(ProjectConfigurationPlatforms) = postSolution
		{15B3A8B3-3E6A-4991-934B-C787CE0959B1}.Debug|Any CPU.ActiveCfg = Debug|Any CPU
		{15B3A8B3-3E6A-4991-934B-C787CE0959B1}.Debug|Any CPU.Build.0 = Debug|Any CPU
		{15B3A8B3-3E6A-4991-934B-C787CE0959B1}.Release|Any CPU.ActiveCfg = Release|Any CPU
		{15B3A8B3-3E6A-4991-934B-C787CE0959B1}.Release|Any CPU.Build.0 = Release|Any CPU
	EndGlobalSection
	GlobalSection(SolutionProperties) = preSolution
		HideSolutionNode = FALSE
	EndGlobalSection
	GlobalSection(ExtensibilityGlobals) = postSolution
		SolutionGuid = {7320A0D3-B63D-4D6F-85C1-13C0B661BA78}
	EndGlobalSection
EndGlobal
